// !$*UTF8*$!
{
	archiveVersion = 1;
	classes = {
	};
	objectVersion = 46;
	objects = {

/* Begin PBXBuildFile section */
		84F2A5291B89012800AF1C44 /* main.m in Sources */ = {isa = PBXBuildFile; fileRef = 84F2A5281B89012800AF1C44 /* main.m */; };
		84F2A52C1B89012800AF1C44 /* AppDelegate.m in Sources */ = {isa = PBXBuildFile; fileRef = 84F2A52B1B89012800AF1C44 /* AppDelegate.m */; };
		84F2A52F1B89012800AF1C44 /* ViewController.m in Sources */ = {isa = PBXBuildFile; fileRef = 84F2A52E1B89012800AF1C44 /* ViewController.m */; };
		84F2A5321B89012800AF1C44 /* Main.storyboard in Resources */ = {isa = PBXBuildFile; fileRef = 84F2A5301B89012800AF1C44 /* Main.storyboard */; };
		84F2A5341B89012800AF1C44 /* Images.xcassets in Resources */ = {isa = PBXBuildFile; fileRef = 84F2A5331B89012800AF1C44 /* Images.xcassets */; };
		84F2A5371B89012800AF1C44 /* LaunchScreen.xib in Resources */ = {isa = PBXBuildFile; fileRef = 84F2A5351B89012800AF1C44 /* LaunchScreen.xib */; };
		84F2A5431B89012800AF1C44 /* _9__UIWebViewTests.m in Sources */ = {isa = PBXBuildFile; fileRef = 84F2A5421B89012800AF1C44 /* _9__UIWebViewTests.m */; };
		84F2A54E1B89030400AF1C44 /* NVWebViewUIViewController.m in Sources */ = {isa = PBXBuildFile; fileRef = 84F2A54D1B89030400AF1C44 /* NVWebViewUIViewController.m */; };
		84F2A5521B89059600AF1C44 /* CAMediaTiming cheat sheet.pdf in Resources */ = {isa = PBXBuildFile; fileRef = 84F2A5501B89059600AF1C44 /* CAMediaTiming cheat sheet.pdf */; };
		84F2A5551B8906B700AF1C44 /* JQC.pdf in Resources */ = {isa = PBXBuildFile; fileRef = 84F2A5541B8906B700AF1C44 /* JQC.pdf */; };
/* End PBXBuildFile section */

/* Begin PBXContainerItemProxy section */
		84F2A53D1B89012800AF1C44 /* PBXContainerItemProxy */ = {
			isa = PBXContainerItemProxy;
			containerPortal = 84F2A51B1B89012800AF1C44 /* Project object */;
			proxyType = 1;
			remoteGlobalIDString = 84F2A5221B89012800AF1C44;
			remoteInfo = "39. UIWebView";
		};
/* End PBXContainerItemProxy section */

/* Begin PBXFileReference section */
		84F2A5231B89012800AF1C44 /* 39. UIWebView.app */ = {isa = PBXFileReference; explicitFileType = wrapper.application; includeInIndex = 0; path = "39. UIWebView.app"; sourceTree = BUILT_PRODUCTS_DIR; };
		84F2A5271B89012800AF1C44 /* Info.plist */ = {isa = PBXFileReference; lastKnownFileType = text.plist.xml; path = Info.plist; sourceTree = "<group>"; };
		84F2A5281B89012800AF1C44 /* main.m */ = {isa = PBXFileReference; lastKnownFileType = sourcecode.c.objc; path = main.m; sourceTree = "<group>"; };
		84F2A52A1B89012800AF1C44 /* AppDelegate.h */ = {isa = PBXFileReference; lastKnownFileType = sourcecode.c.h; path = AppDelegate.h; sourceTree = "<group>"; };
		84F2A52B1B89012800AF1C44 /* AppDelegate.m */ = {isa = PBXFileReference; lastKnownFileType = sourcecode.c.objc; path = AppDelegate.m; sourceTree = "<group>"; };
		84F2A52D1B89012800AF1C44 /* ViewController.h */ = {isa = PBXFileReference; lastKnownFileType = sourcecode.c.h; path = ViewController.h; sourceTree = "<group>"; };
		84F2A52E1B89012800AF1C44 /* ViewController.m */ = {isa = PBXFileReference; lastKnownFileType = sourcecode.c.objc; path = ViewController.m; sourceTree = "<group>"; };
		84F2A5311B89012800AF1C44 /* Base */ = {isa = PBXFileReference; lastKnownFileType = file.storyboard; name = Base; path = Base.lproj/Main.storyboard; sourceTree = "<group>"; };
		84F2A5331B89012800AF1C44 /* Images.xcassets */ = {isa = PBXFileReference; lastKnownFileType = folder.assetcatalog; path = Images.xcassets; sourceTree = "<group>"; };
		84F2A5361B89012800AF1C44 /* Base */ = {isa = PBXFileReference; lastKnownFileType = file.xib; name = Base; path = Base.lproj/LaunchScreen.xib; sourceTree = "<group>"; };
		84F2A53C1B89012800AF1C44 /* 39. UIWebViewTests.xctest */ = {isa = PBXFileReference; explicitFileType = wrapper.cfbundle; includeInIndex = 0; path = "39. UIWebViewTests.xctest"; sourceTree = BUILT_PRODUCTS_DIR; };
		84F2A5411B89012800AF1C44 /* Info.plist */ = {isa = PBXFileReference; lastKnownFileType = text.plist.xml; path = Info.plist; sourceTree = "<group>"; };
		84F2A5421B89012800AF1C44 /* _9__UIWebViewTests.m */ = {isa = PBXFileReference; lastKnownFileType = sourcecode.c.objc; path = _9__UIWebViewTests.m; sourceTree = "<group>"; };
		84F2A54C1B89030400AF1C44 /* NVWebViewUIViewController.h */ = {isa = PBXFileReference; fileEncoding = 4; lastKnownFileType = sourcecode.c.h; path = NVWebViewUIViewController.h; sourceTree = "<group>"; };
		84F2A54D1B89030400AF1C44 /* NVWebViewUIViewController.m */ = {isa = PBXFileReference; fileEncoding = 4; lastKnownFileType = sourcecode.c.objc; path = NVWebViewUIViewController.m; sourceTree = "<group>"; };
		84F2A5501B89059600AF1C44 /* CAMediaTiming cheat sheet.pdf */ = {isa = PBXFileReference; lastKnownFileType = image.pdf; path = "CAMediaTiming cheat sheet.pdf"; sourceTree = "<group>"; };
		84F2A5541B8906B700AF1C44 /* JQC.pdf */ = {isa = PBXFileReference; lastKnownFileType = image.pdf; path = JQC.pdf; sourceTree = "<group>"; };
/* End PBXFileReference section */

/* Begin PBXFrameworksBuildPhase section */
		84F2A5201B89012800AF1C44 /* Frameworks */ = {
			isa = PBXFrameworksBuildPhase;
			buildActionMask = 2147483647;
			files = (
			);
			runOnlyForDeploymentPostprocessing = 0;
		};
		84F2A5391B89012800AF1C44 /* Frameworks */ = {
			isa = PBXFrameworksBuildPhase;
			buildActionMask = 2147483647;
			files = (
			);
			runOnlyForDeploymentPostprocessing = 0;
		};
/* End PBXFrameworksBuildPhase section */

/* Begin PBXGroup section */
		84F2A51A1B89012800AF1C44 = {
			isa = PBXGroup;
			children = (
				84F2A5251B89012800AF1C44 /* 39. UIWebView */,
				84F2A53F1B89012800AF1C44 /* 39. UIWebViewTests */,
				84F2A5241B89012800AF1C44 /* Products */,
			);
			sourceTree = "<group>";
		};
		84F2A5241B89012800AF1C44 /* Products */ = {
			isa = PBXGroup;
			children = (
				84F2A5231B89012800AF1C44 /* 39. UIWebView.app */,
				84F2A53C1B89012800AF1C44 /* 39. UIWebViewTests.xctest */,
			);
			name = Products;
			sourceTree = "<group>";
		};
		84F2A5251B89012800AF1C44 /* 39. UIWebView */ = {
			isa = PBXGroup;
			children = (
				84F2A54F1B89059600AF1C44 /* Pdf */,
				84F2A52A1B89012800AF1C44 /* AppDelegate.h */,
				84F2A52B1B89012800AF1C44 /* AppDelegate.m */,
				84F2A52D1B89012800AF1C44 /* ViewController.h */,
				84F2A52E1B89012800AF1C44 /* ViewController.m */,
				84F2A54C1B89030400AF1C44 /* NVWebViewUIViewController.h */,
				84F2A54D1B89030400AF1C44 /* NVWebViewUIViewController.m */,
				84F2A5301B89012800AF1C44 /* Main.storyboard */,
				84F2A5331B89012800AF1C44 /* Images.xcassets */,
				84F2A5351B89012800AF1C44 /* LaunchScreen.xib */,
				84F2A5261B89012800AF1C44 /* Supporting Files */,
			);
			path = "39. UIWebView";
			sourceTree = "<group>";
		};
		84F2A5261B89012800AF1C44 /* Supporting Files */ = {
			isa = PBXGroup;
			children = (
				84F2A5271B89012800AF1C44 /* Info.plist */,
				84F2A5281B89012800AF1C44 /* main.m */,
			);
			name = "Supporting Files";
			sourceTree = "<group>";
		};
		84F2A53F1B89012800AF1C44 /* 39. UIWebViewTests */ = {
			isa = PBXGroup;
			children = (
				84F2A5421B89012800AF1C44 /* _9__UIWebViewTests.m */,
				84F2A5401B89012800AF1C44 /* Supporting Files */,
			);
			path = "39. UIWebViewTests";
			sourceTree = "<group>";
		};
		84F2A5401B89012800AF1C44 /* Supporting Files */ = {
			isa = PBXGroup;
			children = (
				84F2A5411B89012800AF1C44 /* Info.plist */,
			);
			name = "Supporting Files";
			sourceTree = "<group>";
		};
		84F2A54F1B89059600AF1C44 /* Pdf */ = {
			isa = PBXGroup;
			children = (
				84F2A5501B89059600AF1C44 /* CAMediaTiming cheat sheet.pdf */,
				84F2A5541B8906B700AF1C44 /* JQC.pdf */,
			);
			path = Pdf;
			sourceTree = "<group>";
		};
/* End PBXGroup section */

/* Begin PBXNativeTarget section */
		84F2A5221B89012800AF1C44 /* 39. UIWebView */ = {
			isa = PBXNativeTarget;
			buildConfigurationList = 84F2A5461B89012800AF1C44 /* Build configuration list for PBXNativeTarget "39. UIWebView" */;
			buildPhases = (
				84F2A51F1B89012800AF1C44 /* Sources */,
				84F2A5201B89012800AF1C44 /* Frameworks */,
				84F2A5211B89012800AF1C44 /* Resources */,
			);
			buildRules = (
			);
			dependencies = (
			);
			name = "39. UIWebView";
			productName = "39. UIWebView";
			productReference = 84F2A5231B89012800AF1C44 /* 39. UIWebView.app */;
			productType = "com.apple.product-type.application";
		};
		84F2A53B1B89012800AF1C44 /* 39. UIWebViewTests */ = {
			isa = PBXNativeTarget;
			buildConfigurationList = 84F2A5491B89012800AF1C44 /* Build configuration list for PBXNativeTarget "39. UIWebViewTests" */;
			buildPhases = (
				84F2A5381B89012800AF1C44 /* Sources */,
				84F2A5391B89012800AF1C44 /* Frameworks */,
				84F2A53A1B89012800AF1C44 /* Resources */,
			);
			buildRules = (
			);
			dependencies = (
				84F2A53E1B89012800AF1C44 /* PBXTargetDependency */,
			);
			name = "39. UIWebViewTests";
			productName = "39. UIWebViewTests";
			productReference = 84F2A53C1B89012800AF1C44 /* 39. UIWebViewTests.xctest */;
			productType = "com.apple.product-type.bundle.unit-test";
		};
/* End PBXNativeTarget section */

/* Begin PBXProject section */
		84F2A51B1B89012800AF1C44 /* Project object */ = {
			isa = PBXProject;
			attributes = {
				LastUpgradeCheck = 0640;
				ORGANIZATIONNAME = Admin;
				TargetAttributes = {
					84F2A5221B89012800AF1C44 = {
						CreatedOnToolsVersion = 6.4;
					};
					84F2A53B1B89012800AF1C44 = {
						CreatedOnToolsVersion = 6.4;
						TestTargetID = 84F2A5221B89012800AF1C44;
					};
				};
			};
			buildConfigurationList = 84F2A51E1B89012800AF1C44 /* Build configuration list for PBXProject "39. UIWebView" */;
			compatibilityVersion = "Xcode 3.2";
			developmentRegion = English;
			hasScannedForEncodings = 0;
			knownRegions = (
				en,
				Base,
			);
			mainGroup = 84F2A51A1B89012800AF1C44;
			productRefGroup = 84F2A5241B89012800AF1C44 /* Products */;
			projectDirPath = "";
			projectRoot = "";
			targets = (
				84F2A5221B89012800AF1C44 /* 39. UIWebView */,
				84F2A53B1B89012800AF1C44 /* 39. UIWebViewTests */,
			);
		};
/* End PBXProject section */

/* Begin PBXResourcesBuildPhase section */
		84F2A5211B89012800AF1C44 /* Resources */ = {
			isa = PBXResourcesBuildPhase;
			buildActionMask = 2147483647;
			files = (
				84F2A5321B89012800AF1C44 /* Main.storyboard in Resources */,
				84F2A5371B89012800AF1C44 /* LaunchScreen.xib in Resources */,
				84F2A5551B8906B700AF1C44 /* JQC.pdf in Resources */,
				84F2A5341B89012800AF1C44 /* Images.xcassets in Resources */,
				84F2A5521B89059600AF1C44 /* CAMediaTiming cheat sheet.pdf in Resources */,
			);
			runOnlyForDeploymentPostprocessing = 0;
		};
		84F2A53A1B89012800AF1C44 /* Resources */ = {
			isa = PBXResourcesBuildPhase;
			buildActionMask = 2147483647;
			files = (
			);
			runOnlyForDeploymentPostprocessing = 0;
		};
/* End PBXResourcesBuildPhase section */

/* Begin PBXSourcesBuildPhase section */
		84F2A51F1B89012800AF1C44 /* Sources */ = {
			isa = PBXSourcesBuildPhase;
			buildActionMask = 2147483647;
			files = (
				84F2A54E1B89030400AF1C44 /* NVWebViewUIViewController.m in Sources */,
				84F2A52F1B89012800AF1C44 /* ViewController.m in Sources */,
				84F2A52C1B89012800AF1C44 /* AppDelegate.m in Sources */,
				84F2A5291B89012800AF1C44 /* main.m in Sources */,
			);
			runOnlyForDeploymentPostprocessing = 0;
		};
		84F2A5381B89012800AF1C44 /* Sources */ = {
			isa = PBXSourcesBuildPhase;
			buildActionMask = 2147483647;
			files = (
				84F2A5431B89012800AF1C44 /* _9__UIWebViewTests.m in Sources */,
			);
			runOnlyForDeploymentPostprocessing = 0;
		};
/* End PBXSourcesBuildPhase section */

/* Begin PBXTargetDependency section */
		84F2A53E1B89012800AF1C44 /* PBXTargetDependency */ = {
			isa = PBXTargetDependency;
			target = 84F2A5221B89012800AF1C44 /* 39. UIWebView */;
			targetProxy = 84F2A53D1B89012800AF1C44 /* PBXContainerItemProxy */;
		};
/* End PBXTargetDependency section */

/* Begin PBXVariantGroup section */
		84F2A5301B89012800AF1C44 /* Main.storyboard */ = {
			isa = PBXVariantGroup;
			children = (
				84F2A5311B89012800AF1C44 /* Base */,
			);
			name = Main.storyboard;
			sourceTree = "<group>";
		};
		84F2A5351B89012800AF1C44 /* LaunchScreen.xib */ = {
			isa = PBXVariantGroup;
			children = (
				84F2A5361B89012800AF1C44 /* Base */,
			);
			name = LaunchScreen.xib;
			sourceTree = "<group>";
		};
/* End PBXVariantGroup section */

/* Begin XCBuildConfiguration section */
		84F2A5441B89012800AF1C44 /* Debug */ = {
			isa = XCBuildConfiguration;
			buildSettings = {
				ALWAYS_SEARCH_USER_PATHS = NO;
				CLANG_CXX_LANGUAGE_STANDARD = "gnu++0x";
				CLANG_CXX_LIBRARY = "libc++";
				CLANG_ENABLE_MODULES = YES;
				CLANG_ENABLE_OBJC_ARC = YES;
				CLANG_WARN_BOOL_CONVERSION = YES;
				CLANG_WARN_CONSTANT_CONVERSION = YES;
				CLANG_WARN_DIRECT_OBJC_ISA_USAGE = YES_ERROR;
				CLANG_WARN_EMPTY_BODY = YES;
				CLANG_WARN_ENUM_CONVERSION = YES;
				CLANG_WARN_INT_CONVERSION = YES;
				CLANG_WARN_OBJC_ROOT_CLASS = YES_ERROR;
				CLANG_WARN_UNREACHABLE_CODE = YES;
				CLANG_WARN__DUPLICATE_METHOD_MATCH = YES;
				"CODE_SIGN_IDENTITY[sdk=iphoneos*]" = "iPhone Developer";
				COPY_PHASE_STRIP = NO;
				DEBUG_INFORMATION_FORMAT = "dwarf-with-dsym";
				ENABLE_STRICT_OBJC_MSGSEND = YES;
				GCC_C_LANGUAGE_STANDARD = gnu99;
				GCC_DYNAMIC_NO_PIC = NO;
				GCC_NO_COMMON_BLOCKS = YES;
				GCC_OPTIMIZATION_LEVEL = 0;
				GCC_PREPROCESSOR_DEFINITIONS = (
					"DEBUG=1",
					"$(inherited)",
				);
				GCC_SYMBOLS_PRIVATE_EXTERN = NO;
				GCC_WARN_64_TO_32_BIT_CONVERSION = YES;
				GCC_WARN_ABOUT_RETURN_TYPE = YES_ERROR;
				GCC_WARN_UNDECLARED_SELECTOR = YES;
				GCC_WARN_UNINITIALIZED_AUTOS = YES_AGGRESSIVE;
				GCC_WARN_UNUSED_FUNCTION = YES;
				GCC_WARN_UNUSED_VARIABLE = YES;
				IPHONEOS_DEPLOYMENT_TARGET = 8.4;
				MTL_ENABLE_DEBUG_INFO = YES;
				ONLY_ACTIVE_ARCH = YES;
				SDKROOT = iphoneos;
				TARGETED_DEVICE_FAMILY = "1,2";
			};
			name = Debug;
		};
		84F2A5451B89012800AF1C44 /* Release */ = {
			isa = XCBuildConfiguration;
			buildSettings = {
				ALWAYS_SEARCH_USER_PATHS = NO;
				CLANG_CXX_LANGUAGE_STANDARD = "gnu++0x";
				CLANG_CXX_LIBRARY = "libc++";
				CLANG_ENABLE_MODULES = YES;
				CLANG_ENABLE_OBJC_ARC = YES;
				CLANG_WARN_BOOL_CONVERSION = YES;
				CLANG_WARN_CONSTANT_CONVERSION = YES;
				CLANG_WARN_DIRECT_OBJC_ISA_USAGE = YES_ERROR;
				CLANG_WARN_EMPTY_BODY = YES;
				CLANG_WARN_ENUM_CONVERSION = YES;
				CLANG_WARN_INT_CONVERSION = YES;
				CLANG_WARN_OBJC_ROOT_CLASS = YES_ERROR;
				CLANG_WARN_UNREACHABLE_CODE = YES;
				CLANG_WARN__DUPLICATE_METHOD_MATCH = YES;
				"CODE_SIGN_IDENTITY[sdk=iphoneos*]" = "iPhone Developer";
				COPY_PHASE_STRIP = NO;
				DEBUG_INFORMATION_FORMAT = "dwarf-with-dsym";
				ENABLE_NS_ASSERTIONS = NO;
				ENABLE_STRICT_OBJC_MSGSEND = YES;
				GCC_C_LANGUAGE_STANDARD = gnu99;
				GCC_NO_COMMON_BLOCKS = YES;
				GCC_WARN_64_TO_32_BIT_CONVERSION = YES;
				GCC_WARN_ABOUT_RETURN_TYPE = YES_ERROR;
				GCC_WARN_UNDECLARED_SELECTOR = YES;
				GCC_WARN_UNINITIALIZED_AUTOS = YES_AGGRESSIVE;
				GCC_WARN_UNUSED_FUNCTION = YES;
				GCC_WARN_UNUSED_VARIABLE = YES;
				IPHONEOS_DEPLOYMENT_TARGET = 8.4;
				MTL_ENABLE_DEBUG_INFO = NO;
				SDKROOT = iphoneos;
				TARGETED_DEVICE_FAMILY = "1,2";
				VALIDATE_PRODUCT = YES;
			};
			name = Release;
		};
		84F2A5471B89012800AF1C44 /* Debug */ = {
			isa = XCBuildConfiguration;
			buildSettings = {
				ASSETCATALOG_COMPILER_APPICON_NAME = AppIcon;
				INFOPLIST_FILE = "39. UIWebView/Info.plist";
				LD_RUNPATH_SEARCH_PATHS = "$(inherited) @executable_path/Frameworks";
				PRODUCT_NAME = "$(TARGET_NAME)";
			};
			name = Debug;
		};
		84F2A5481B89012800AF1C44 /* Release */ = {
			isa = XCBuildConfiguration;
			buildSettings = {
				ASSETCATALOG_COMPILER_APPICON_NAME = AppIcon;
				INFOPLIST_FILE = "39. UIWebView/Info.plist";
				LD_RUNPATH_SEARCH_PATHS = "$(inherited) @executable_path/Frameworks";
				PRODUCT_NAME = "$(TARGET_NAME)";
			};
			name = Release;
		};
		84F2A54A1B89012800AF1C44 /* Debug */ = {
			isa = XCBuildConfiguration;
			buildSettings = {
				BUNDLE_LOADER = "$(TEST_HOST)";
				FRAMEWORK_SEARCH_PATHS = (
					"$(SDKROOT)/Developer/Library/Frameworks",
					"$(inherited)",
				);
				GCC_PREPROCESSOR_DEFINITIONS = (
					"DEBUG=1",
					"$(inherited)",
				);
				INFOPLIST_FILE = "39. UIWebViewTests/Info.plist";
				LD_RUNPATH_SEARCH_PATHS = "$(inherited) @executable_path/Frameworks @loader_path/Frameworks";
				PRODUCT_NAME = "$(TARGET_NAME)";
				TEST_HOST = "$(BUILT_PRODUCTS_DIR)/39. UIWebView.app/39. UIWebView";
			};
			name = Debug;
		};
		84F2A54B1B89012800AF1C44 /* Release */ = {
			isa = XCBuildConfiguration;
			buildSettings = {
				BUNDLE_LOADER = "$(TEST_HOST)";
				FRAMEWORK_SEARCH_PATHS = (
					"$(SDKROOT)/Developer/Library/Frameworks",
					"$(inherited)",
				);
				INFOPLIST_FILE = "39. UIWebViewTests/Info.plist";
				LD_RUNPATH_SEARCH_PATHS = "$(inherited) @executable_path/Frameworks @loader_path/Frameworks";
				PRODUCT_NAME = "$(TARGET_NAME)";
				TEST_HOST = "$(BUILT_PRODUCTS_DIR)/39. UIWebView.app/39. UIWebView";
			};
			name = Release;
		};
/* End XCBuildConfiguration section */

/* Begin XCConfigurationList section */
		84F2A51E1B89012800AF1C44 /* Build configuration list for PBXProject "39. UIWebView" */ = {
			isa = XCConfigurationList;
			buildConfigurations = (
				84F2A5441B89012800AF1C44 /* Debug */,
				84F2A5451B89012800AF1C44 /* Release */,
			);
			defaultConfigurationIsVisible = 0;
			defaultConfigurationName = Release;
		};
		84F2A5461B89012800AF1C44 /* Build configuration list for PBXNativeTarget "39. UIWebView" */ = {
			isa = XCConfigurationList;
			buildConfigurations = (
				84F2A5471B89012800AF1C44 /* Debug */,
				84F2A5481B89012800AF1C44 /* Release */,
			);
			defaultConfigurationIsVisible = 0;
		};
		84F2A5491B89012800AF1C44 /* Build configuration list for PBXNativeTarget "39. UIWebViewTests" */ = {
			isa = XCConfigurationList;
			buildConfigurations = (
				84F2A54A1B89012800AF1C44 /* Debug */,
				84F2A54B1B89012800AF1C44 /* Release */,
			);
			defaultConfigurationIsVisible = 0;
		};
/* End XCConfigurationList section */
	};
	rootObject = 84F2A51B1B89012800AF1C44 /* Project object */;
}
